{
  "name": "99121-test",
  "version": "1.0.0",
  "lockfileVersion": 1,
  "requires": true,
  "dependencies": {
    "@tayeq/99121-npm": {
      "version": "1.0.1",
      "resolved": "https://registry.npmjs.org/@tayeq/99121-npm/-/99121-npm-1.0.1.tgz",
      "integrity": "sha512-/JSsfmid/3GD7+JR3A2qWzIDHjIBYBYnxcQ1oslum06TeOB0fSImIKxRqU2qfJcTtaeRFKG/Ey9EnoAcvUbsWg=="
    }
  }
}
